
Microsoft Visual Studio Solution File, Format Version 12.00
# Visual Studio Version 16
VisualStudioVersion = 16.0.31313.79
MinimumVisualStudioVersion = 10.0.40219.1
Project("{9A19103F-16F7-4668-BE54-9A1E7A4F7556}") = "CompanyInfoTrackingSystem", "CompanyInfoTrackingSystem.csproj", "{470CC5DA-DF7D-41D9-80B9-23007F6E4018}"
EndProject
Global
	GlobalSection(SolutionConfigurationPlatforms) = preSolution
		Debug|Any CPU = Debug|Any CPU
		Release|Any CPU = Release|Any CPU
	EndGlobalSection
	GlobalSection(ProjectConfigurationPlatforms) = postSolution
		{470CC5DA-DF7D-41D9-80B9-23007F6E4018}.Debug|Any CPU.ActiveCfg = Debug|Any CPU
		{470CC5DA-DF7D-41D9-80B9-23007F6E4018}.Debug|Any CPU.Build.0 = Debug|Any CPU
		{470CC5DA-DF7D-41D9-80B9-23007F6E4018}.Release|Any CPU.ActiveCfg = Release|Any CPU
		{470CC5DA-DF7D-41D9-80B9-23007F6E4018}.Release|Any CPU.Build.0 = Release|Any CPU
	EndGlobalSection
	GlobalSection(SolutionProperties) = preSolution
		HideSolutionNode = FALSE
	EndGlobalSection
	GlobalSection(ExtensibilityGlobals) = postSolution
		SolutionGuid = {C344314B-ED04-47E2-B7FA-C6B9809E0968}
	EndGlobalSection
EndGlobal
